
Microsoft Visual Studio Solution File, Format Version 12.00
Project("{FAE04EC0-301F-11D3-BF4B-00C04F79EFBC}") = "FinanceManager.UserService.API", "FinanceManager.UserService.API\FinanceManager.UserService.API.csproj", "{998EE10E-2F09-41DA-9E36-26062A222DA6}"
EndProject
Global
	GlobalSection(SolutionConfigurationPlatforms) = preSolution
		Debug|Any CPU = Debug|Any CPU
		Release|Any CPU = Release|Any CPU
	EndGlobalSection
	GlobalSection(ProjectConfigurationPlatforms) = postSolution
		{998EE10E-2F09-41DA-9E36-26062A222DA6}.Debug|Any CPU.ActiveCfg = Debug|Any CPU
		{998EE10E-2F09-41DA-9E36-26062A222DA6}.Debug|Any CPU.Build.0 = Debug|Any CPU
		{998EE10E-2F09-41DA-9E36-26062A222DA6}.Release|Any CPU.ActiveCfg = Release|Any CPU
		{998EE10E-2F09-41DA-9E36-26062A222DA6}.Release|Any CPU.Build.0 = Release|Any CPU
	EndGlobalSection
EndGlobal
