
Microsoft Visual Studio Solution File, Format Version 12.00
Project("{FAE04EC0-301F-11D3-BF4B-00C04F79EFBC}") = "FinanceManager.FinanceManager.API", "..\FinanceManager.FinanceManager.\FinanceManager.FinanceManager.API\FinanceManager.FinanceManager.API.csproj", "{C9536E4E-3AA0-42DE-8AEE-A86784AFE20C}"
EndProject
Global
	GlobalSection(SolutionConfigurationPlatforms) = preSolution
		Debug|Any CPU = Debug|Any CPU
		Release|Any CPU = Release|Any CPU
	EndGlobalSection
	GlobalSection(ProjectConfigurationPlatforms) = postSolution
		{C9536E4E-3AA0-42DE-8AEE-A86784AFE20C}.Debug|Any CPU.ActiveCfg = Debug|Any CPU
		{C9536E4E-3AA0-42DE-8AEE-A86784AFE20C}.Debug|Any CPU.Build.0 = Debug|Any CPU
		{C9536E4E-3AA0-42DE-8AEE-A86784AFE20C}.Release|Any CPU.ActiveCfg = Release|Any CPU
		{C9536E4E-3AA0-42DE-8AEE-A86784AFE20C}.Release|Any CPU.Build.0 = Release|Any CPU
	EndGlobalSection
EndGlobal
